# This file is automatically @generated by Poetry 2.2.1 and should not be changed by hand.

[[package]]
name = "componentize-py"
version = "0.21.0"
description = "Tool to package Python applications as WebAssembly components"
optional = false
python-versions = "*"
groups = ["main"]
files = [
    {file = "componentize_py-0.21.0-cp39-abi3-macosx_10_12_x86_64.whl", hash = "sha256:ecc0815b0df630a1bbeb7978e1a070e0a46d70b596ac9526b4625c4978c1bcd6"},
    {file = "componentize_py-0.21.0-cp39-abi3-macosx_11_0_arm64.whl", hash = "sha256:b633a1252408619f9bbf7ff6c33b7890d9edb2f3d784d72f588a4ba8eaa2e893"},
    {file = "componentize_py-0.21.0-cp39-abi3-manylinux_2_28_aarch64.whl", hash = "sha256:0e0e18c3c439329eb9ae547cb831bfa3257dbbbdf4b7a5d9dd5420aad43eba66"},
    {file = "componentize_py-0.21.0-cp39-abi3-manylinux_2_28_x86_64.whl", hash = "sha256:cdc45de3b4b06ed90250dc96c2c11f993e0b8936975e156d239d94c2fa9eca14"},
    {file = "componentize_py-0.21.0-cp39-abi3-win_amd64.whl", hash = "sha256:ef38862a8bdb3574b46848f8f8cb7c6c4cd85067f844fad7b24c08ed022e227c"},
    {file = "componentize_py-0.21.0.tar.gz", hash = "sha256:695f88bd845fe95fea94181ee0b78b0d2a5c76bc701fbf541a85f083c0389205"},
]

[metadata]
lock-version = "2.1"
python-versions = ">=3.13"
content-hash = "462fceb71b2ff6375b72316c7daddda4d493a04e414d5fe5411c01e9bf50d57e"
